
Microsoft Visual Studio Solution File, Format Version 12.00
# Visual Studio Version 16
VisualStudioVersion = 16.0.29418.71
MinimumVisualStudioVersion = 10.0.40219.1
Project("{9A19103F-16F7-4668-BE54-9A1E7A4F7556}") = "DS_MyArray", "DS_MyArray\DS_MyArray.csproj", "{A46EEC2D-C53C-4517-BCD6-D9EF0DCE5F11}"
EndProject
Project("{9A19103F-16F7-4668-BE54-9A1E7A4F7556}") = "DS_MyArrayTest", "DS_MyArrayTest\DS_MyArrayTest.csproj", "{D9184ECC-016E-4984-8156-31DA8C2772AD}"
EndProject
Project("{9A19103F-16F7-4668-BE54-9A1E7A4F7556}") = "DS_MyStack", "DS_MyStack\DS_MyStack.csproj", "{828C79F0-9ECD-4EA4-8F2B-004E37E8ECEA}"
EndProject
Project("{9A19103F-16F7-4668-BE54-9A1E7A4F7556}") = "DS_MyStackTest", "DS_MyStackTest\DS_MyStackTest.csproj", "{6509378A-8A5A-425E-AD72-B517500E6501}"
EndProject
Project("{9A19103F-16F7-4668-BE54-9A1E7A4F7556}") = "DS_MyQueue", "DS_MyQueue\DS_MyQueue.csproj", "{9615E49C-AFE9-4B51-9AD7-B996117CE7D6}"
EndProject
Project("{9A19103F-16F7-4668-BE54-9A1E7A4F7556}") = "DS_MyQueueTest", "DS_MyQueueTest\DS_MyQueueTest.csproj", "{323E8BAC-BBFB-4F7A-9A97-D20D9B1B740F}"
EndProject
Project("{9A19103F-16F7-4668-BE54-9A1E7A4F7556}") = "DS_MyLinkedList", "DS_MyLinkedList\DS_MyLinkedList.csproj", "{3286C7F7-1665-4FD1-A968-3535DBDC8692}"
EndProject
Project("{FAE04EC0-301F-11D3-BF4B-00C04F79EFBC}") = "DS_BST", "DS_BST\DS_BST.csproj", "{927CF375-895D-4B90-B059-159354C7E43A}"
EndProject
Global
	GlobalSection(SolutionConfigurationPlatforms) = preSolution
		Debug|Any CPU = Debug|Any CPU
		Release|Any CPU = Release|Any CPU
	EndGlobalSection
	GlobalSection(ProjectConfigurationPlatforms) = postSolution
		{A46EEC2D-C53C-4517-BCD6-D9EF0DCE5F11}.Debug|Any CPU.ActiveCfg = Debug|Any CPU
		{A46EEC2D-C53C-4517-BCD6-D9EF0DCE5F11}.Debug|Any CPU.Build.0 = Debug|Any CPU
		{A46EEC2D-C53C-4517-BCD6-D9EF0DCE5F11}.Release|Any CPU.ActiveCfg = Release|Any CPU
		{A46EEC2D-C53C-4517-BCD6-D9EF0DCE5F11}.Release|Any CPU.Build.0 = Release|Any CPU
		{D9184ECC-016E-4984-8156-31DA8C2772AD}.Debug|Any CPU.ActiveCfg = Debug|Any CPU
		{D9184ECC-016E-4984-8156-31DA8C2772AD}.Debug|Any CPU.Build.0 = Debug|Any CPU
		{D9184ECC-016E-4984-8156-31DA8C2772AD}.Release|Any CPU.ActiveCfg = Release|Any CPU
		{D9184ECC-016E-4984-8156-31DA8C2772AD}.Release|Any CPU.Build.0 = Release|Any CPU
		{828C79F0-9ECD-4EA4-8F2B-004E37E8ECEA}.Debug|Any CPU.ActiveCfg = Debug|Any CPU
		{828C79F0-9ECD-4EA4-8F2B-004E37E8ECEA}.Debug|Any CPU.Build.0 = Debug|Any CPU
		{828C79F0-9ECD-4EA4-8F2B-004E37E8ECEA}.Release|Any CPU.ActiveCfg = Release|Any CPU
		{828C79F0-9ECD-4EA4-8F2B-004E37E8ECEA}.Release|Any CPU.Build.0 = Release|Any CPU
		{6509378A-8A5A-425E-AD72-B517500E6501}.Debug|Any CPU.ActiveCfg = Debug|Any CPU
		{6509378A-8A5A-425E-AD72-B517500E6501}.Debug|Any CPU.Build.0 = Debug|Any CPU
		{6509378A-8A5A-425E-AD72-B517500E6501}.Release|Any CPU.ActiveCfg = Release|Any CPU
		{6509378A-8A5A-425E-AD72-B517500E6501}.Release|Any CPU.Build.0 = Release|Any CPU
		{9615E49C-AFE9-4B51-9AD7-B996117CE7D6}.Debug|Any CPU.ActiveCfg = Debug|Any CPU
		{9615E49C-AFE9-4B51-9AD7-B996117CE7D6}.Debug|Any CPU.Build.0 = Debug|Any CPU
		{9615E49C-AFE9-4B51-9AD7-B996117CE7D6}.Release|Any CPU.ActiveCfg = Release|Any CPU
		{9615E49C-AFE9-4B51-9AD7-B996117CE7D6}.Release|Any CPU.Build.0 = Release|Any CPU
		{323E8BAC-BBFB-4F7A-9A97-D20D9B1B740F}.Debug|Any CPU.ActiveCfg = Debug|Any CPU
		{323E8BAC-BBFB-4F7A-9A97-D20D9B1B740F}.Debug|Any CPU.Build.0 = Debug|Any CPU
		{323E8BAC-BBFB-4F7A-9A97-D20D9B1B740F}.Release|Any CPU.ActiveCfg = Release|Any CPU
		{323E8BAC-BBFB-4F7A-9A97-D20D9B1B740F}.Release|Any CPU.Build.0 = Release|Any CPU
		{3286C7F7-1665-4FD1-A968-3535DBDC8692}.Debug|Any CPU.ActiveCfg = Debug|Any CPU
		{3286C7F7-1665-4FD1-A968-3535DBDC8692}.Debug|Any CPU.Build.0 = Debug|Any CPU
		{3286C7F7-1665-4FD1-A968-3535DBDC8692}.Release|Any CPU.ActiveCfg = Release|Any CPU
		{3286C7F7-1665-4FD1-A968-3535DBDC8692}.Release|Any CPU.Build.0 = Release|Any CPU
		{927CF375-895D-4B90-B059-159354C7E43A}.Debug|Any CPU.ActiveCfg = Debug|Any CPU
		{927CF375-895D-4B90-B059-159354C7E43A}.Debug|Any CPU.Build.0 = Debug|Any CPU
		{927CF375-895D-4B90-B059-159354C7E43A}.Release|Any CPU.ActiveCfg = Release|Any CPU
		{927CF375-895D-4B90-B059-159354C7E43A}.Release|Any CPU.Build.0 = Release|Any CPU
	EndGlobalSection
	GlobalSection(SolutionProperties) = preSolution
		HideSolutionNode = FALSE
	EndGlobalSection
	GlobalSection(ExtensibilityGlobals) = postSolution
		SolutionGuid = {C72F58F6-AB99-413A-ABF4-59F19B809F57}
	EndGlobalSection
EndGlobal
